{
  "name": "show",
  "version": "1.0.0",
  "lockfileVersion": 1,
  "requires": true,
  "dependencies": {
    "eve-raphael": {
      "version": "0.5.0",
      "resolved": "https://registry.npm.taobao.org/eve-raphael/download/eve-raphael-0.5.0.tgz",
      "integrity": "sha1-F8dUt5K+7z+maE15z1pHxjxM2jA="
    },
    "graphdracula": {
      "version": "1.3.0",
      "resolved": "https://registry.npm.taobao.org/graphdracula/download/graphdracula-1.3.0.tgz",
      "integrity": "sha1-yEZTO1W3+4J1/0ZkyKShpBiNTOU=",
      "requires": {
        "lodash": "^4.17.11",
        "uuid": "^3.3.2"
      }
    },
    "lodash": {
      "version": "4.17.20",
      "resolved": "https://registry.npm.taobao.org/lodash/download/lodash-4.17.20.tgz",
      "integrity": "sha1-tEqbYpe8tpjxxRo1RaKzs2jVnFI="
    },
    "raphael": {
      "version": "2.3.0",
      "resolved": "https://registry.npm.taobao.org/raphael/download/raphael-2.3.0.tgz",
      "integrity": "sha1-6r6wnbqGGh1M7gd+qvuMU/MTH4k=",
      "requires": {
        "eve-raphael": "0.5.0"
      }
    },
    "uuid": {
      "version": "3.4.0",
      "resolved": "https://registry.npm.taobao.org/uuid/download/uuid-3.4.0.tgz?cache=0&sync_timestamp=1605962433460&other_urls=https%3A%2F%2Fregistry.npm.taobao.org%2Fuuid%2Fdownload%2Fuuid-3.4.0.tgz",
      "integrity": "sha1-sj5DWK+oogL+ehAK8fX4g/AgB+4="
    }
  }
}
